
Microsoft Visual Studio Solution File, Format Version 12.00
# Visual Studio Version 16
VisualStudioVersion = 16.0.29411.108
MinimumVisualStudioVersion = 10.0.40219.1
Project("{FAE04EC0-301F-11D3-BF4B-00C04F79EFBC}") = "Weave", "Weave\Weave.csproj", "{8023C2D2-2C34-4403-8283-AFDBEB9A5FCF}"
EndProject
Project("{FAE04EC0-301F-11D3-BF4B-00C04F79EFBC}") = "WeaveConsole", "WeaveConsole\WeaveConsole.csproj", "{0404E9CE-FB7C-4A75-8289-CEC5E54B0506}"
EndProject
Global
	GlobalSection(SolutionConfigurationPlatforms) = preSolution
		Debug|Any CPU = Debug|Any CPU
		Release|Any CPU = Release|Any CPU
	EndGlobalSection
	GlobalSection(ProjectConfigurationPlatforms) = postSolution
		{8023C2D2-2C34-4403-8283-AFDBEB9A5FCF}.Debug|Any CPU.ActiveCfg = Debug|Any CPU
		{8023C2D2-2C34-4403-8283-AFDBEB9A5FCF}.Debug|Any CPU.Build.0 = Debug|Any CPU
		{8023C2D2-2C34-4403-8283-AFDBEB9A5FCF}.Release|Any CPU.ActiveCfg = Release|Any CPU
		{8023C2D2-2C34-4403-8283-AFDBEB9A5FCF}.Release|Any CPU.Build.0 = Release|Any CPU
		{0404E9CE-FB7C-4A75-8289-CEC5E54B0506}.Debug|Any CPU.ActiveCfg = Debug|Any CPU
		{0404E9CE-FB7C-4A75-8289-CEC5E54B0506}.Debug|Any CPU.Build.0 = Debug|Any CPU
		{0404E9CE-FB7C-4A75-8289-CEC5E54B0506}.Release|Any CPU.ActiveCfg = Release|Any CPU
		{0404E9CE-FB7C-4A75-8289-CEC5E54B0506}.Release|Any CPU.Build.0 = Release|Any CPU
	EndGlobalSection
	GlobalSection(SolutionProperties) = preSolution
		HideSolutionNode = FALSE
	EndGlobalSection
	GlobalSection(ExtensibilityGlobals) = postSolution
		SolutionGuid = {B0BBD782-68E6-4258-B43B-D52007638BD6}
	EndGlobalSection
EndGlobal
